// !$*UTF8*$!
{
	archiveVersion = 1;
	classes = {
	};
	objectVersion = 55;
	objects = {

/* Begin PBXBuildFile section */
		C50B7E4A274DF2E600BE192A /* AppDelegate.swift in Sources */ = {isa = PBXBuildFile; fileRef = C50B7E49274DF2E600BE192A /* AppDelegate.swift */; };
		C50B7E4C274DF2E600BE192A /* SceneDelegate.swift in Sources */ = {isa = PBXBuildFile; fileRef = C50B7E4B274DF2E600BE192A /* SceneDelegate.swift */; };
		C50B7E53274DF2E800BE192A /* Assets.xcassets in Resources */ = {isa = PBXBuildFile; fileRef = C50B7E52274DF2E800BE192A /* Assets.xcassets */; };
		C50B7E56274DF2E800BE192A /* LaunchScreen.storyboard in Resources */ = {isa = PBXBuildFile; fileRef = C50B7E54274DF2E800BE192A /* LaunchScreen.storyboard */; };
		C50B7E5E274DF74500BE192A /* SearchVC.swift in Sources */ = {isa = PBXBuildFile; fileRef = C50B7E5D274DF74500BE192A /* SearchVC.swift */; };
		C50B7E60274DF77400BE192A /* FavoritesListVC.swift in Sources */ = {isa = PBXBuildFile; fileRef = C50B7E5F274DF77300BE192A /* FavoritesListVC.swift */; };
		C50B7E62274F200500BE192A /* GFButton.swift in Sources */ = {isa = PBXBuildFile; fileRef = C50B7E61274F200500BE192A /* GFButton.swift */; };
		C50B7E64274F22B500BE192A /* GFTextField.swift in Sources */ = {isa = PBXBuildFile; fileRef = C50B7E63274F22B500BE192A /* GFTextField.swift */; };
		C50B7E66274F3BB000BE192A /* FollowerListVC.swift in Sources */ = {isa = PBXBuildFile; fileRef = C50B7E65274F3BB000BE192A /* FollowerListVC.swift */; };
		C50B7E68274F3F7700BE192A /* String+Ext.swift in Sources */ = {isa = PBXBuildFile; fileRef = C50B7E67274F3F7700BE192A /* String+Ext.swift */; };
		C50B7E6A274F41F000BE192A /* GFTitleLabel.swift in Sources */ = {isa = PBXBuildFile; fileRef = C50B7E69274F41F000BE192A /* GFTitleLabel.swift */; };
		C50B7E6C274F434500BE192A /* GFBodyLabel.swift in Sources */ = {isa = PBXBuildFile; fileRef = C50B7E6B274F434400BE192A /* GFBodyLabel.swift */; };
		C50B7E6E274F43FC00BE192A /* GFAlertVC.swift in Sources */ = {isa = PBXBuildFile; fileRef = C50B7E6D274F43FC00BE192A /* GFAlertVC.swift */; };
		C50B7E70274F495B00BE192A /* UIViewController+Ext.swift in Sources */ = {isa = PBXBuildFile; fileRef = C50B7E6F274F495B00BE192A /* UIViewController+Ext.swift */; };
		C50B7E77274FDD0200BE192A /* GFAlertContainerView.swift in Sources */ = {isa = PBXBuildFile; fileRef = C50B7E76274FDD0200BE192A /* GFAlertContainerView.swift */; };
		C50B7E7A2750356D00BE192A /* Follower.swift in Sources */ = {isa = PBXBuildFile; fileRef = C50B7E792750356D00BE192A /* Follower.swift */; };
		C50B7E7C2750362E00BE192A /* User.swift in Sources */ = {isa = PBXBuildFile; fileRef = C50B7E7B2750362E00BE192A /* User.swift */; };
		C50B7E7F27503F8E00BE192A /* NetworkManager.swift in Sources */ = {isa = PBXBuildFile; fileRef = C50B7E7E27503F8E00BE192A /* NetworkManager.swift */; };
		C50B7E822750493200BE192A /* GFError.swift in Sources */ = {isa = PBXBuildFile; fileRef = C50B7E812750493200BE192A /* GFError.swift */; };
		C50B7E852750587200BE192A /* FollowerCell.swift in Sources */ = {isa = PBXBuildFile; fileRef = C50B7E842750587200BE192A /* FollowerCell.swift */; };
		C50B7E87275058E600BE192A /* GFAvatarImageView.swift in Sources */ = {isa = PBXBuildFile; fileRef = C50B7E86275058E600BE192A /* GFAvatarImageView.swift */; };
		C50B7E892750877800BE192A /* UIHelper.swift in Sources */ = {isa = PBXBuildFile; fileRef = C50B7E882750877800BE192A /* UIHelper.swift */; };
		C50B7E91275293D600BE192A /* GFEmptyStateView.swift in Sources */ = {isa = PBXBuildFile; fileRef = C50B7E90275293D600BE192A /* GFEmptyStateView.swift */; };
		C50B7E932752D64500BE192A /* UserInfoVC.swift in Sources */ = {isa = PBXBuildFile; fileRef = C50B7E922752D64500BE192A /* UserInfoVC.swift */; };
		C50B7E952752F4A000BE192A /* GFUserInfoHeaderVC.swift in Sources */ = {isa = PBXBuildFile; fileRef = C50B7E942752F4A000BE192A /* GFUserInfoHeaderVC.swift */; };
		C50B7E972752F50E00BE192A /* GFSecondayTitleLabel.swift in Sources */ = {isa = PBXBuildFile; fileRef = C50B7E962752F50E00BE192A /* GFSecondayTitleLabel.swift */; };
		C50B7E992752FB4F00BE192A /* Constants.swift in Sources */ = {isa = PBXBuildFile; fileRef = C50B7E982752FB4F00BE192A /* Constants.swift */; };
		C50B7E9D2753141B00BE192A /* GFInfoItemView.swift in Sources */ = {isa = PBXBuildFile; fileRef = C50B7E9C2753141B00BE192A /* GFInfoItemView.swift */; };
		C50B7E9F27531BB800BE192A /* GFItemInfoVC.swift in Sources */ = {isa = PBXBuildFile; fileRef = C50B7E9E27531BB800BE192A /* GFItemInfoVC.swift */; };
		C50B7EA127531E7200BE192A /* GFRepoItemVC.swift in Sources */ = {isa = PBXBuildFile; fileRef = C50B7EA027531E7200BE192A /* GFRepoItemVC.swift */; };
		C50B7EA32753208E00BE192A /* GFFollowerVC.swift in Sources */ = {isa = PBXBuildFile; fileRef = C50B7EA22753208E00BE192A /* GFFollowerVC.swift */; };
		C50B7EA6275329F700BE192A /* Date+Ext.swift in Sources */ = {isa = PBXBuildFile; fileRef = C50B7EA5275329F700BE192A /* Date+Ext.swift */; };
		C50B7EA8275422E100BE192A /* PersistenceManager.swift in Sources */ = {isa = PBXBuildFile; fileRef = C50B7EA7275422E100BE192A /* PersistenceManager.swift */; };
		C50B7EAA27542CB800BE192A /* FavoriteCell.swift in Sources */ = {isa = PBXBuildFile; fileRef = C50B7EA927542CB800BE192A /* FavoriteCell.swift */; };
		C50B7EF92754804600BE192A /* GFTabBarController.swift in Sources */ = {isa = PBXBuildFile; fileRef = C50B7EF82754804600BE192A /* GFTabBarController.swift */; };
/* End PBXBuildFile section */

/* Begin PBXFileReference section */
		C50B7E46274DF2E600BE192A /* GithubFollowers.app */ = {isa = PBXFileReference; explicitFileType = wrapper.application; includeInIndex = 0; path = GithubFollowers.app; sourceTree = BUILT_PRODUCTS_DIR; };
		C50B7E49274DF2E600BE192A /* AppDelegate.swift */ = {isa = PBXFileReference; lastKnownFileType = sourcecode.swift; path = AppDelegate.swift; sourceTree = "<group>"; };
		C50B7E4B274DF2E600BE192A /* SceneDelegate.swift */ = {isa = PBXFileReference; lastKnownFileType = sourcecode.swift; path = SceneDelegate.swift; sourceTree = "<group>"; };
		C50B7E52274DF2E800BE192A /* Assets.xcassets */ = {isa = PBXFileReference; lastKnownFileType = folder.assetcatalog; path = Assets.xcassets; sourceTree = "<group>"; };
		C50B7E55274DF2E800BE192A /* Base */ = {isa = PBXFileReference; lastKnownFileType = file.storyboard; name = Base; path = Base.lproj/LaunchScreen.storyboard; sourceTree = "<group>"; };
		C50B7E57274DF2E800BE192A /* Info.plist */ = {isa = PBXFileReference; lastKnownFileType = text.plist.xml; path = Info.plist; sourceTree = "<group>"; };
		C50B7E5D274DF74500BE192A /* SearchVC.swift */ = {isa = PBXFileReference; lastKnownFileType = sourcecode.swift; path = SearchVC.swift; sourceTree = "<group>"; };
		C50B7E5F274DF77300BE192A /* FavoritesListVC.swift */ = {isa = PBXFileReference; lastKnownFileType = sourcecode.swift; path = FavoritesListVC.swift; sourceTree = "<group>"; };
		C50B7E61274F200500BE192A /* GFButton.swift */ = {isa = PBXFileReference; lastKnownFileType = sourcecode.swift; path = GFButton.swift; sourceTree = "<group>"; };
		C50B7E63274F22B500BE192A /* GFTextField.swift */ = {isa = PBXFileReference; lastKnownFileType = sourcecode.swift; path = GFTextField.swift; sourceTree = "<group>"; };
		C50B7E65274F3BB000BE192A /* FollowerListVC.swift */ = {isa = PBXFileReference; lastKnownFileType = sourcecode.swift; path = FollowerListVC.swift; sourceTree = "<group>"; };
		C50B7E67274F3F7700BE192A /* String+Ext.swift */ = {isa = PBXFileReference; fileEncoding = 4; lastKnownFileType = sourcecode.swift; path = "String+Ext.swift"; sourceTree = "<group>"; };
		C50B7E69274F41F000BE192A /* GFTitleLabel.swift */ = {isa = PBXFileReference; lastKnownFileType = sourcecode.swift; path = GFTitleLabel.swift; sourceTree = "<group>"; };
		C50B7E6B274F434400BE192A /* GFBodyLabel.swift */ = {isa = PBXFileReference; lastKnownFileType = sourcecode.swift; path = GFBodyLabel.swift; sourceTree = "<group>"; };
		C50B7E6D274F43FC00BE192A /* GFAlertVC.swift */ = {isa = PBXFileReference; lastKnownFileType = sourcecode.swift; path = GFAlertVC.swift; sourceTree = "<group>"; };
		C50B7E6F274F495B00BE192A /* UIViewController+Ext.swift */ = {isa = PBXFileReference; lastKnownFileType = sourcecode.swift; path = "UIViewController+Ext.swift"; sourceTree = "<group>"; };
		C50B7E76274FDD0200BE192A /* GFAlertContainerView.swift */ = {isa = PBXFileReference; lastKnownFileType = sourcecode.swift; path = GFAlertContainerView.swift; sourceTree = "<group>"; };
		C50B7E792750356D00BE192A /* Follower.swift */ = {isa = PBXFileReference; lastKnownFileType = sourcecode.swift; path = Follower.swift; sourceTree = "<group>"; };
		C50B7E7B2750362E00BE192A /* User.swift */ = {isa = PBXFileReference; lastKnownFileType = sourcecode.swift; path = User.swift; sourceTree = "<group>"; };
		C50B7E7E27503F8E00BE192A /* NetworkManager.swift */ = {isa = PBXFileReference; lastKnownFileType = sourcecode.swift; path = NetworkManager.swift; sourceTree = "<group>"; };
		C50B7E812750493200BE192A /* GFError.swift */ = {isa = PBXFileReference; lastKnownFileType = sourcecode.swift; path = GFError.swift; sourceTree = "<group>"; };
		C50B7E842750587200BE192A /* FollowerCell.swift */ = {isa = PBXFileReference; lastKnownFileType = sourcecode.swift; path = FollowerCell.swift; sourceTree = "<group>"; };
		C50B7E86275058E600BE192A /* GFAvatarImageView.swift */ = {isa = PBXFileReference; lastKnownFileType = sourcecode.swift; path = GFAvatarImageView.swift; sourceTree = "<group>"; };
		C50B7E882750877800BE192A /* UIHelper.swift */ = {isa = PBXFileReference; lastKnownFileType = sourcecode.swift; path = UIHelper.swift; sourceTree = "<group>"; };
		C50B7E90275293D600BE192A /* GFEmptyStateView.swift */ = {isa = PBXFileReference; lastKnownFileType = sourcecode.swift; path = GFEmptyStateView.swift; sourceTree = "<group>"; };
		C50B7E922752D64500BE192A /* UserInfoVC.swift */ = {isa = PBXFileReference; lastKnownFileType = sourcecode.swift; path = UserInfoVC.swift; sourceTree = "<group>"; };
		C50B7E942752F4A000BE192A /* GFUserInfoHeaderVC.swift */ = {isa = PBXFileReference; lastKnownFileType = sourcecode.swift; path = GFUserInfoHeaderVC.swift; sourceTree = "<group>"; };
		C50B7E962752F50E00BE192A /* GFSecondayTitleLabel.swift */ = {isa = PBXFileReference; lastKnownFileType = sourcecode.swift; path = GFSecondayTitleLabel.swift; sourceTree = "<group>"; };
		C50B7E982752FB4F00BE192A /* Constants.swift */ = {isa = PBXFileReference; lastKnownFileType = sourcecode.swift; path = Constants.swift; sourceTree = "<group>"; };
		C50B7E9C2753141B00BE192A /* GFInfoItemView.swift */ = {isa = PBXFileReference; lastKnownFileType = sourcecode.swift; path = GFInfoItemView.swift; sourceTree = "<group>"; };
		C50B7E9E27531BB800BE192A /* GFItemInfoVC.swift */ = {isa = PBXFileReference; lastKnownFileType = sourcecode.swift; path = GFItemInfoVC.swift; sourceTree = "<group>"; };
		C50B7EA027531E7200BE192A /* GFRepoItemVC.swift */ = {isa = PBXFileReference; lastKnownFileType = sourcecode.swift; path = GFRepoItemVC.swift; sourceTree = "<group>"; };
		C50B7EA22753208E00BE192A /* GFFollowerVC.swift */ = {isa = PBXFileReference; lastKnownFileType = sourcecode.swift; path = GFFollowerVC.swift; sourceTree = "<group>"; };
		C50B7EA5275329F700BE192A /* Date+Ext.swift */ = {isa = PBXFileReference; lastKnownFileType = sourcecode.swift; path = "Date+Ext.swift"; sourceTree = "<group>"; };
		C50B7EA7275422E100BE192A /* PersistenceManager.swift */ = {isa = PBXFileReference; lastKnownFileType = sourcecode.swift; path = PersistenceManager.swift; sourceTree = "<group>"; };
		C50B7EA927542CB800BE192A /* FavoriteCell.swift */ = {isa = PBXFileReference; lastKnownFileType = sourcecode.swift; path = FavoriteCell.swift; sourceTree = "<group>"; };
		C50B7EF82754804600BE192A /* GFTabBarController.swift */ = {isa = PBXFileReference; lastKnownFileType = sourcecode.swift; path = GFTabBarController.swift; sourceTree = "<group>"; };
/* End PBXFileReference section */

/* Begin PBXFrameworksBuildPhase section */
		C50B7E43274DF2E600BE192A /* Frameworks */ = {
			isa = PBXFrameworksBuildPhase;
			buildActionMask = 2147483647;
			files = (
			);
			runOnlyForDeploymentPostprocessing = 0;
		};
/* End PBXFrameworksBuildPhase section */

/* Begin PBXGroup section */
		C50B7E3D274DF2E600BE192A = {
			isa = PBXGroup;
			children = (
				C50B7E48274DF2E600BE192A /* GithubFollowers */,
				C50B7E47274DF2E600BE192A /* Products */,
			);
			sourceTree = "<group>";
		};
		C50B7E47274DF2E600BE192A /* Products */ = {
			isa = PBXGroup;
			children = (
				C50B7E46274DF2E600BE192A /* GithubFollowers.app */,
			);
			name = Products;
			sourceTree = "<group>";
		};
		C50B7E48274DF2E600BE192A /* GithubFollowers */ = {
			isa = PBXGroup;
			children = (
				C50B7E802750491E00BE192A /* Utilities */,
				C50B7E7D27503F7900BE192A /* Managers */,
				C50B7E782750355E00BE192A /* Model */,
				C50B7E73274FDAB200BE192A /* Extensions */,
				C50B7E72274FDA7C00BE192A /* Custom Views */,
				C50B7E71274FDA4700BE192A /* Screens */,
				C50B7E75274FDB1C00BE192A /* Support */,
			);
			path = GithubFollowers;
			sourceTree = "<group>";
		};
		C50B7E71274FDA4700BE192A /* Screens */ = {
			isa = PBXGroup;
			children = (
				C50B7E5D274DF74500BE192A /* SearchVC.swift */,
				C50B7E5F274DF77300BE192A /* FavoritesListVC.swift */,
				C50B7E65274F3BB000BE192A /* FollowerListVC.swift */,
				C50B7E922752D64500BE192A /* UserInfoVC.swift */,
			);
			path = Screens;
			sourceTree = "<group>";
		};
		C50B7E72274FDA7C00BE192A /* Custom Views */ = {
			isa = PBXGroup;
			children = (
				C50B7EF72754802500BE192A /* TabBar Controllers */,
				C50B7E8F2752936700BE192A /* Labels */,
				C50B7E8E2752935F00BE192A /* ViewControllers */,
				C50B7E8D2752935400BE192A /* ImageViews */,
				C50B7E8C2752934C00BE192A /* TextFields */,
				C50B7E8B2752934100BE192A /* Buttons */,
				C50B7E8A2752933C00BE192A /* Views */,
				C50B7E832750584E00BE192A /* Cells */,
			);
			path = "Custom Views";
			sourceTree = "<group>";
		};
		C50B7E73274FDAB200BE192A /* Extensions */ = {
			isa = PBXGroup;
			children = (
				C50B7E67274F3F7700BE192A /* String+Ext.swift */,
				C50B7E6F274F495B00BE192A /* UIViewController+Ext.swift */,
				C50B7EA5275329F700BE192A /* Date+Ext.swift */,
			);
			path = Extensions;
			sourceTree = "<group>";
		};
		C50B7E75274FDB1C00BE192A /* Support */ = {
			isa = PBXGroup;
			children = (
				C50B7E49274DF2E600BE192A /* AppDelegate.swift */,
				C50B7E4B274DF2E600BE192A /* SceneDelegate.swift */,
				C50B7E52274DF2E800BE192A /* Assets.xcassets */,
				C50B7E54274DF2E800BE192A /* LaunchScreen.storyboard */,
				C50B7E57274DF2E800BE192A /* Info.plist */,
			);
			path = Support;
			sourceTree = "<group>";
		};
		C50B7E782750355E00BE192A /* Model */ = {
			isa = PBXGroup;
			children = (
				C50B7E792750356D00BE192A /* Follower.swift */,
				C50B7E7B2750362E00BE192A /* User.swift */,
			);
			path = Model;
			sourceTree = "<group>";
		};
		C50B7E7D27503F7900BE192A /* Managers */ = {
			isa = PBXGroup;
			children = (
				C50B7E7E27503F8E00BE192A /* NetworkManager.swift */,
				C50B7EA7275422E100BE192A /* PersistenceManager.swift */,
			);
			path = Managers;
			sourceTree = "<group>";
		};
		C50B7E802750491E00BE192A /* Utilities */ = {
			isa = PBXGroup;
			children = (
				C50B7E812750493200BE192A /* GFError.swift */,
				C50B7E882750877800BE192A /* UIHelper.swift */,
				C50B7E982752FB4F00BE192A /* Constants.swift */,
			);
			path = Utilities;
			sourceTree = "<group>";
		};
		C50B7E832750584E00BE192A /* Cells */ = {
			isa = PBXGroup;
			children = (
				C50B7E842750587200BE192A /* FollowerCell.swift */,
				C50B7EA927542CB800BE192A /* FavoriteCell.swift */,
			);
			path = Cells;
			sourceTree = "<group>";
		};
		C50B7E8A2752933C00BE192A /* Views */ = {
			isa = PBXGroup;
			children = (
				C50B7E76274FDD0200BE192A /* GFAlertContainerView.swift */,
				C50B7E90275293D600BE192A /* GFEmptyStateView.swift */,
				C50B7E9C2753141B00BE192A /* GFInfoItemView.swift */,
			);
			path = Views;
			sourceTree = "<group>";
		};
		C50B7E8B2752934100BE192A /* Buttons */ = {
			isa = PBXGroup;
			children = (
				C50B7E61274F200500BE192A /* GFButton.swift */,
			);
			path = Buttons;
			sourceTree = "<group>";
		};
		C50B7E8C2752934C00BE192A /* TextFields */ = {
			isa = PBXGroup;
			children = (
				C50B7E63274F22B500BE192A /* GFTextField.swift */,
			);
			path = TextFields;
			sourceTree = "<group>";
		};
		C50B7E8D2752935400BE192A /* ImageViews */ = {
			isa = PBXGroup;
			children = (
				C50B7E86275058E600BE192A /* GFAvatarImageView.swift */,
			);
			path = ImageViews;
			sourceTree = "<group>";
		};
		C50B7E8E2752935F00BE192A /* ViewControllers */ = {
			isa = PBXGroup;
			children = (
				C50B7EA4275320DC00BE192A /* ItemInfoVCs */,
				C50B7E6D274F43FC00BE192A /* GFAlertVC.swift */,
				C50B7E942752F4A000BE192A /* GFUserInfoHeaderVC.swift */,
			);
			path = ViewControllers;
			sourceTree = "<group>";
		};
		C50B7E8F2752936700BE192A /* Labels */ = {
			isa = PBXGroup;
			children = (
				C50B7E69274F41F000BE192A /* GFTitleLabel.swift */,
				C50B7E962752F50E00BE192A /* GFSecondayTitleLabel.swift */,
				C50B7E6B274F434400BE192A /* GFBodyLabel.swift */,
			);
			path = Labels;
			sourceTree = "<group>";
		};
		C50B7EA4275320DC00BE192A /* ItemInfoVCs */ = {
			isa = PBXGroup;
			children = (
				C50B7E9E27531BB800BE192A /* GFItemInfoVC.swift */,
				C50B7EA027531E7200BE192A /* GFRepoItemVC.swift */,
				C50B7EA22753208E00BE192A /* GFFollowerVC.swift */,
			);
			path = ItemInfoVCs;
			sourceTree = "<group>";
		};
		C50B7EF72754802500BE192A /* TabBar Controllers */ = {
			isa = PBXGroup;
			children = (
				C50B7EF82754804600BE192A /* GFTabBarController.swift */,
			);
			path = "TabBar Controllers";
			sourceTree = "<group>";
		};
/* End PBXGroup section */

/* Begin PBXNativeTarget section */
		C50B7E45274DF2E600BE192A /* GithubFollowers */ = {
			isa = PBXNativeTarget;
			buildConfigurationList = C50B7E5A274DF2E800BE192A /* Build configuration list for PBXNativeTarget "GithubFollowers" */;
			buildPhases = (
				C50B7E42274DF2E600BE192A /* Sources */,
				C50B7E43274DF2E600BE192A /* Frameworks */,
				C50B7E44274DF2E600BE192A /* Resources */,
			);
			buildRules = (
			);
			dependencies = (
			);
			name = GithubFollowers;
			productName = GithubFollowers;
			productReference = C50B7E46274DF2E600BE192A /* GithubFollowers.app */;
			productType = "com.apple.product-type.application";
		};
/* End PBXNativeTarget section */

/* Begin PBXProject section */
		C50B7E3E274DF2E600BE192A /* Project object */ = {
			isa = PBXProject;
			attributes = {
				BuildIndependentTargetsInParallel = 1;
				LastSwiftUpdateCheck = 1310;
				LastUpgradeCheck = 1310;
				TargetAttributes = {
					C50B7E45274DF2E600BE192A = {
						CreatedOnToolsVersion = 13.1;
					};
				};
			};
			buildConfigurationList = C50B7E41274DF2E600BE192A /* Build configuration list for PBXProject "GithubFollowers" */;
			compatibilityVersion = "Xcode 13.0";
			developmentRegion = en;
			hasScannedForEncodings = 0;
			knownRegions = (
				en,
				Base,
			);
			mainGroup = C50B7E3D274DF2E600BE192A;
			productRefGroup = C50B7E47274DF2E600BE192A /* Products */;
			projectDirPath = "";
			projectRoot = "";
			targets = (
				C50B7E45274DF2E600BE192A /* GithubFollowers */,
			);
		};
/* End PBXProject section */

/* Begin PBXResourcesBuildPhase section */
		C50B7E44274DF2E600BE192A /* Resources */ = {
			isa = PBXResourcesBuildPhase;
			buildActionMask = 2147483647;
			files = (
				C50B7E56274DF2E800BE192A /* LaunchScreen.storyboard in Resources */,
				C50B7E53274DF2E800BE192A /* Assets.xcassets in Resources */,
			);
			runOnlyForDeploymentPostprocessing = 0;
		};
/* End PBXResourcesBuildPhase section */

/* Begin PBXSourcesBuildPhase section */
		C50B7E42274DF2E600BE192A /* Sources */ = {
			isa = PBXSourcesBuildPhase;
			buildActionMask = 2147483647;
			files = (
				C50B7E992752FB4F00BE192A /* Constants.swift in Sources */,
				C50B7E77274FDD0200BE192A /* GFAlertContainerView.swift in Sources */,
				C50B7E822750493200BE192A /* GFError.swift in Sources */,
				C50B7E87275058E600BE192A /* GFAvatarImageView.swift in Sources */,
				C50B7E9D2753141B00BE192A /* GFInfoItemView.swift in Sources */,
				C50B7E892750877800BE192A /* UIHelper.swift in Sources */,
				C50B7E7A2750356D00BE192A /* Follower.swift in Sources */,
				C50B7E64274F22B500BE192A /* GFTextField.swift in Sources */,
				C50B7E60274DF77400BE192A /* FavoritesListVC.swift in Sources */,
				C50B7EA6275329F700BE192A /* Date+Ext.swift in Sources */,
				C50B7E9F27531BB800BE192A /* GFItemInfoVC.swift in Sources */,
				C50B7E7F27503F8E00BE192A /* NetworkManager.swift in Sources */,
				C50B7EA8275422E100BE192A /* PersistenceManager.swift in Sources */,
				C50B7EAA27542CB800BE192A /* FavoriteCell.swift in Sources */,
				C50B7E70274F495B00BE192A /* UIViewController+Ext.swift in Sources */,
				C50B7EA127531E7200BE192A /* GFRepoItemVC.swift in Sources */,
				C50B7E62274F200500BE192A /* GFButton.swift in Sources */,
				C50B7E5E274DF74500BE192A /* SearchVC.swift in Sources */,
				C50B7E66274F3BB000BE192A /* FollowerListVC.swift in Sources */,
				C50B7E7C2750362E00BE192A /* User.swift in Sources */,
				C50B7E852750587200BE192A /* FollowerCell.swift in Sources */,
				C50B7E6E274F43FC00BE192A /* GFAlertVC.swift in Sources */,
				C50B7E952752F4A000BE192A /* GFUserInfoHeaderVC.swift in Sources */,
				C50B7E91275293D600BE192A /* GFEmptyStateView.swift in Sources */,
				C50B7EA32753208E00BE192A /* GFFollowerVC.swift in Sources */,
				C50B7E4A274DF2E600BE192A /* AppDelegate.swift in Sources */,
				C50B7E972752F50E00BE192A /* GFSecondayTitleLabel.swift in Sources */,
				C50B7E6A274F41F000BE192A /* GFTitleLabel.swift in Sources */,
				C50B7E68274F3F7700BE192A /* String+Ext.swift in Sources */,
				C50B7E4C274DF2E600BE192A /* SceneDelegate.swift in Sources */,
				C50B7E6C274F434500BE192A /* GFBodyLabel.swift in Sources */,
				C50B7E932752D64500BE192A /* UserInfoVC.swift in Sources */,
				C50B7EF92754804600BE192A /* GFTabBarController.swift in Sources */,
			);
			runOnlyForDeploymentPostprocessing = 0;
		};
/* End PBXSourcesBuildPhase section */

/* Begin PBXVariantGroup section */
		C50B7E54274DF2E800BE192A /* LaunchScreen.storyboard */ = {
			isa = PBXVariantGroup;
			children = (
				C50B7E55274DF2E800BE192A /* Base */,
			);
			name = LaunchScreen.storyboard;
			sourceTree = "<group>";
		};
/* End PBXVariantGroup section */

/* Begin XCBuildConfiguration section */
		C50B7E58274DF2E800BE192A /* Debug */ = {
			isa = XCBuildConfiguration;
			buildSettings = {
				ALWAYS_SEARCH_USER_PATHS = NO;
				CLANG_ANALYZER_NONNULL = YES;
				CLANG_ANALYZER_NUMBER_OBJECT_CONVERSION = YES_AGGRESSIVE;
				CLANG_CXX_LANGUAGE_STANDARD = "gnu++17";
				CLANG_CXX_LIBRARY = "libc++";
				CLANG_ENABLE_MODULES = YES;
				CLANG_ENABLE_OBJC_ARC = YES;
				CLANG_ENABLE_OBJC_WEAK = YES;
				CLANG_WARN_BLOCK_CAPTURE_AUTORELEASING = YES;
				CLANG_WARN_BOOL_CONVERSION = YES;
				CLANG_WARN_COMMA = YES;
				CLANG_WARN_CONSTANT_CONVERSION = YES;
				CLANG_WARN_DEPRECATED_OBJC_IMPLEMENTATIONS = YES;
				CLANG_WARN_DIRECT_OBJC_ISA_USAGE = YES_ERROR;
				CLANG_WARN_DOCUMENTATION_COMMENTS = YES;
				CLANG_WARN_EMPTY_BODY = YES;
				CLANG_WARN_ENUM_CONVERSION = YES;
				CLANG_WARN_INFINITE_RECURSION = YES;
				CLANG_WARN_INT_CONVERSION = YES;
				CLANG_WARN_NON_LITERAL_NULL_CONVERSION = YES;
				CLANG_WARN_OBJC_IMPLICIT_RETAIN_SELF = YES;
				CLANG_WARN_OBJC_LITERAL_CONVERSION = YES;
				CLANG_WARN_OBJC_ROOT_CLASS = YES_ERROR;
				CLANG_WARN_QUOTED_INCLUDE_IN_FRAMEWORK_HEADER = YES;
				CLANG_WARN_RANGE_LOOP_ANALYSIS = YES;
				CLANG_WARN_STRICT_PROTOTYPES = YES;
				CLANG_WARN_SUSPICIOUS_MOVE = YES;
				CLANG_WARN_UNGUARDED_AVAILABILITY = YES_AGGRESSIVE;
				CLANG_WARN_UNREACHABLE_CODE = YES;
				CLANG_WARN__DUPLICATE_METHOD_MATCH = YES;
				COPY_PHASE_STRIP = NO;
				DEBUG_INFORMATION_FORMAT = dwarf;
				ENABLE_STRICT_OBJC_MSGSEND = YES;
				ENABLE_TESTABILITY = YES;
				GCC_C_LANGUAGE_STANDARD = gnu11;
				GCC_DYNAMIC_NO_PIC = NO;
				GCC_NO_COMMON_BLOCKS = YES;
				GCC_OPTIMIZATION_LEVEL = 0;
				GCC_PREPROCESSOR_DEFINITIONS = (
					"DEBUG=1",
					"$(inherited)",
				);
				GCC_WARN_64_TO_32_BIT_CONVERSION = YES;
				GCC_WARN_ABOUT_RETURN_TYPE = YES_ERROR;
				GCC_WARN_UNDECLARED_SELECTOR = YES;
				GCC_WARN_UNINITIALIZED_AUTOS = YES_AGGRESSIVE;
				GCC_WARN_UNUSED_FUNCTION = YES;
				GCC_WARN_UNUSED_VARIABLE = YES;
				IPHONEOS_DEPLOYMENT_TARGET = 15.0;
				MTL_ENABLE_DEBUG_INFO = INCLUDE_SOURCE;
				MTL_FAST_MATH = YES;
				ONLY_ACTIVE_ARCH = YES;
				SDKROOT = iphoneos;
				SWIFT_ACTIVE_COMPILATION_CONDITIONS = DEBUG;
				SWIFT_OPTIMIZATION_LEVEL = "-Onone";
			};
			name = Debug;
		};
		C50B7E59274DF2E800BE192A /* Release */ = {
			isa = XCBuildConfiguration;
			buildSettings = {
				ALWAYS_SEARCH_USER_PATHS = NO;
				CLANG_ANALYZER_NONNULL = YES;
				CLANG_ANALYZER_NUMBER_OBJECT_CONVERSION = YES_AGGRESSIVE;
				CLANG_CXX_LANGUAGE_STANDARD = "gnu++17";
				CLANG_CXX_LIBRARY = "libc++";
				CLANG_ENABLE_MODULES = YES;
				CLANG_ENABLE_OBJC_ARC = YES;
				CLANG_ENABLE_OBJC_WEAK = YES;
				CLANG_WARN_BLOCK_CAPTURE_AUTORELEASING = YES;
				CLANG_WARN_BOOL_CONVERSION = YES;
				CLANG_WARN_COMMA = YES;
				CLANG_WARN_CONSTANT_CONVERSION = YES;
				CLANG_WARN_DEPRECATED_OBJC_IMPLEMENTATIONS = YES;
				CLANG_WARN_DIRECT_OBJC_ISA_USAGE = YES_ERROR;
				CLANG_WARN_DOCUMENTATION_COMMENTS = YES;
				CLANG_WARN_EMPTY_BODY = YES;
				CLANG_WARN_ENUM_CONVERSION = YES;
				CLANG_WARN_INFINITE_RECURSION = YES;
				CLANG_WARN_INT_CONVERSION = YES;
				CLANG_WARN_NON_LITERAL_NULL_CONVERSION = YES;
				CLANG_WARN_OBJC_IMPLICIT_RETAIN_SELF = YES;
				CLANG_WARN_OBJC_LITERAL_CONVERSION = YES;
				CLANG_WARN_OBJC_ROOT_CLASS = YES_ERROR;
				CLANG_WARN_QUOTED_INCLUDE_IN_FRAMEWORK_HEADER = YES;
				CLANG_WARN_RANGE_LOOP_ANALYSIS = YES;
				CLANG_WARN_STRICT_PROTOTYPES = YES;
				CLANG_WARN_SUSPICIOUS_MOVE = YES;
				CLANG_WARN_UNGUARDED_AVAILABILITY = YES_AGGRESSIVE;
				CLANG_WARN_UNREACHABLE_CODE = YES;
				CLANG_WARN__DUPLICATE_METHOD_MATCH = YES;
				COPY_PHASE_STRIP = NO;
				DEBUG_INFORMATION_FORMAT = "dwarf-with-dsym";
				ENABLE_NS_ASSERTIONS = NO;
				ENABLE_STRICT_OBJC_MSGSEND = YES;
				GCC_C_LANGUAGE_STANDARD = gnu11;
				GCC_NO_COMMON_BLOCKS = YES;
				GCC_WARN_64_TO_32_BIT_CONVERSION = YES;
				GCC_WARN_ABOUT_RETURN_TYPE = YES_ERROR;
				GCC_WARN_UNDECLARED_SELECTOR = YES;
				GCC_WARN_UNINITIALIZED_AUTOS = YES_AGGRESSIVE;
				GCC_WARN_UNUSED_FUNCTION = YES;
				GCC_WARN_UNUSED_VARIABLE = YES;
				IPHONEOS_DEPLOYMENT_TARGET = 15.0;
				MTL_ENABLE_DEBUG_INFO = NO;
				MTL_FAST_MATH = YES;
				SDKROOT = iphoneos;
				SWIFT_COMPILATION_MODE = wholemodule;
				SWIFT_OPTIMIZATION_LEVEL = "-O";
				VALIDATE_PRODUCT = YES;
			};
			name = Release;
		};
		C50B7E5B274DF2E800BE192A /* Debug */ = {
			isa = XCBuildConfiguration;
			buildSettings = {
				ASSETCATALOG_COMPILER_APPICON_NAME = AppIcon;
				ASSETCATALOG_COMPILER_GLOBAL_ACCENT_COLOR_NAME = AccentColor;
				CODE_SIGN_STYLE = Automatic;
				CURRENT_PROJECT_VERSION = 1;
				DEVELOPMENT_TEAM = C7X77XQ2L3;
				GENERATE_INFOPLIST_FILE = YES;
				INFOPLIST_FILE = GithubFollowers/Support/Info.plist;
				INFOPLIST_KEY_UIApplicationSupportsIndirectInputEvents = YES;
				INFOPLIST_KEY_UILaunchStoryboardName = LaunchScreen;
				INFOPLIST_KEY_UISupportedInterfaceOrientations = UIInterfaceOrientationPortrait;
				INFOPLIST_KEY_UISupportedInterfaceOrientations_iPad = "UIInterfaceOrientationPortrait UIInterfaceOrientationPortraitUpsideDown UIInterfaceOrientationLandscapeLeft UIInterfaceOrientationLandscapeRight";
				INFOPLIST_KEY_UISupportedInterfaceOrientations_iPhone = "UIInterfaceOrientationPortrait UIInterfaceOrientationLandscapeLeft UIInterfaceOrientationLandscapeRight";
				IPHONEOS_DEPLOYMENT_TARGET = 15.0;
				LD_RUNPATH_SEARCH_PATHS = (
					"$(inherited)",
					"@executable_path/Frameworks",
				);
				MARKETING_VERSION = 1.0;
				PRODUCT_BUNDLE_IDENTIFIER = com.antoniovegaochoa.GithubFollowers;
				PRODUCT_NAME = "$(TARGET_NAME)";
				SWIFT_EMIT_LOC_STRINGS = YES;
				SWIFT_VERSION = 5.0;
				TARGETED_DEVICE_FAMILY = 1;
			};
			name = Debug;
		};
		C50B7E5C274DF2E800BE192A /* Release */ = {
			isa = XCBuildConfiguration;
			buildSettings = {
				ASSETCATALOG_COMPILER_APPICON_NAME = AppIcon;
				ASSETCATALOG_COMPILER_GLOBAL_ACCENT_COLOR_NAME = AccentColor;
				CODE_SIGN_STYLE = Automatic;
				CURRENT_PROJECT_VERSION = 1;
				DEVELOPMENT_TEAM = C7X77XQ2L3;
				GENERATE_INFOPLIST_FILE = YES;
				INFOPLIST_FILE = GithubFollowers/Support/Info.plist;
				INFOPLIST_KEY_UIApplicationSupportsIndirectInputEvents = YES;
				INFOPLIST_KEY_UILaunchStoryboardName = LaunchScreen;
				INFOPLIST_KEY_UISupportedInterfaceOrientations = UIInterfaceOrientationPortrait;
				INFOPLIST_KEY_UISupportedInterfaceOrientations_iPad = "UIInterfaceOrientationPortrait UIInterfaceOrientationPortraitUpsideDown UIInterfaceOrientationLandscapeLeft UIInterfaceOrientationLandscapeRight";
				INFOPLIST_KEY_UISupportedInterfaceOrientations_iPhone = "UIInterfaceOrientationPortrait UIInterfaceOrientationLandscapeLeft UIInterfaceOrientationLandscapeRight";
				IPHONEOS_DEPLOYMENT_TARGET = 15.0;
				LD_RUNPATH_SEARCH_PATHS = (
					"$(inherited)",
					"@executable_path/Frameworks",
				);
				MARKETING_VERSION = 1.0;
				PRODUCT_BUNDLE_IDENTIFIER = com.antoniovegaochoa.GithubFollowers;
				PRODUCT_NAME = "$(TARGET_NAME)";
				SWIFT_EMIT_LOC_STRINGS = YES;
				SWIFT_VERSION = 5.0;
				TARGETED_DEVICE_FAMILY = 1;
			};
			name = Release;
		};
/* End XCBuildConfiguration section */

/* Begin XCConfigurationList section */
		C50B7E41274DF2E600BE192A /* Build configuration list for PBXProject "GithubFollowers" */ = {
			isa = XCConfigurationList;
			buildConfigurations = (
				C50B7E58274DF2E800BE192A /* Debug */,
				C50B7E59274DF2E800BE192A /* Release */,
			);
			defaultConfigurationIsVisible = 0;
			defaultConfigurationName = Release;
		};
		C50B7E5A274DF2E800BE192A /* Build configuration list for PBXNativeTarget "GithubFollowers" */ = {
			isa = XCConfigurationList;
			buildConfigurations = (
				C50B7E5B274DF2E800BE192A /* Debug */,
				C50B7E5C274DF2E800BE192A /* Release */,
			);
			defaultConfigurationIsVisible = 0;
			defaultConfigurationName = Release;
		};
/* End XCConfigurationList section */
	};
	rootObject = C50B7E3E274DF2E600BE192A /* Project object */;
}
